
Microsoft Visual Studio Solution File, Format Version 12.00
# Visual Studio Version 17
VisualStudioVersion = 17.9.34607.119
MinimumVisualStudioVersion = 10.0.40219.1
Project("{2150E333-8FDC-42A3-9474-1A3956D46DE8}") = "Chapter01", "Chapter01", "{46AEBCD8-9A8D-4B83-A604-30C9E583D91F}"
EndProject
Project("{FAE04EC0-301F-11D3-BF4B-00C04F79EFBC}") = "ProductSample", "Chapter01\ProductSample\ProductSample.csproj", "{30ED5CB5-2D47-4E07-A9A4-DB2DEAAF82FD}"
EndProject
Project("{FAE04EC0-301F-11D3-BF4B-00C04F79EFBC}") = "Sample_p38", "Chapter01\Sample_p38\Sample_p38.csproj", "{EA6EC0BF-6922-4DE0-9DBB-8A45EF8C420E}"
EndProject
Project("{2150E333-8FDC-42A3-9474-1A3956D46DE8}") = "Chapter02", "Chapter02", "{F874A513-632A-492B-9B5E-A2EE02DCF081}"
EndProject
Project("{2150E333-8FDC-42A3-9474-1A3956D46DE8}") = "距離換算プログラム", "距離換算プログラム", "{1C31F544-502C-4C53-BDC8-EA486F6B3730}"
EndProject
Project("{FAE04EC0-301F-11D3-BF4B-00C04F79EFBC}") = "DistanceConverter", "Chapter02\DistanceConverter\DistanceConverter.csproj", "{4D95D509-AADF-4F85-ABFF-07E6643F04BC}"
EndProject
Project("{2150E333-8FDC-42A3-9474-1A3956D46DE8}") = "売上集計プログラム", "売上集計プログラム", "{DDA4AB51-39A9-46AD-9C4B-507031073B26}"
EndProject
Project("{FAE04EC0-301F-11D3-BF4B-00C04F79EFBC}") = "SalesCounter", "Chapter02\SalesCounter\SalesCounter.csproj", "{ABFF734D-F396-4D10-8240-86FA1CF8195D}"
EndProject
Project("{2150E333-8FDC-42A3-9474-1A3956D46DE8}") = "#演習問題", "#演習問題", "{D8FBC4D9-1B72-4E64-9583-424A4C30FEFB}"
EndProject
Project("{FAE04EC0-301F-11D3-BF4B-00C04F79EFBC}") = "Exercise1", "Chapter02\演習問題\Exercise1\Exercise1.csproj", "{B71D7DE2-56A7-4A7C-B3AE-3C1D78092743}"
EndProject
Project("{FAE04EC0-301F-11D3-BF4B-00C04F79EFBC}") = "Exercise2", "Chapter02\演習問題\Exercise2\Exercise2.csproj", "{E4AF3FD2-9029-4EF7-AE98-ABE13E3F17ED}"
EndProject
Project("{FAE04EC0-301F-11D3-BF4B-00C04F79EFBC}") = "Exercise2'", "Chapter02\演習問題\Exercise2'\Exercise2'.csproj", "{CE0E1029-A9CF-4921-BAB2-D79336F93CF1}"
EndProject
Project("{2150E333-8FDC-42A3-9474-1A3956D46DE8}") = "FormApps", "FormApps", "{61CB6B77-4B63-4E94-9B93-360F773600EA}"
EndProject
Project("{9A19103F-16F7-4668-BE54-9A1E7A4F7556}") = "BallApp", "FormApps\BallApp\BallApp.csproj", "{0BBA2987-2D9C-4FE4-AACE-D95EE321F1D6}"
EndProject
Project("{2150E333-8FDC-42A3-9474-1A3956D46DE8}") = "Chapter03", "Chapter03", "{23B5B679-4307-4670-B52A-CEE0F341E22F}"
EndProject
Project("{FAE04EC0-301F-11D3-BF4B-00C04F79EFBC}") = "Section01", "Chapter03\Section01\Section01.csproj", "{825E8727-E673-4C72-B926-20C6BCD701AF}"
EndProject
Project("{2150E333-8FDC-42A3-9474-1A3956D46DE8}") = "演習問題", "演習問題", "{D672636C-5644-488D-840D-DE72B3B16E68}"
EndProject
Project("{FAE04EC0-301F-11D3-BF4B-00C04F79EFBC}") = "Exercise01", "Chapter03\Exercise01\Exercise01.csproj", "{552CE2D7-F8B7-4B0D-B2E4-66AA38D9F2E3}"
EndProject
Project("{FAE04EC0-301F-11D3-BF4B-00C04F79EFBC}") = "Exercise02", "Chapter03\Exercise02\Exercise02.csproj", "{A09899C0-C2B8-4520-B131-DB367AE30869}"
EndProject
Project("{2150E333-8FDC-42A3-9474-1A3956D46DE8}") = "Chapter04", "Chapter04", "{774DAACB-9F02-4608-8FF3-ED6D44049FEC}"
EndProject
Project("{FAE04EC0-301F-11D3-BF4B-00C04F79EFBC}") = "Section01", "Chapter04\Section01\Section01.csproj", "{C01338A0-20F0-48FB-BC0C-83ABCCC90B18}"
EndProject
Project("{2150E333-8FDC-42A3-9474-1A3956D46DE8}") = "演習問題", "演習問題", "{100EDB29-E7E6-4B4A-A073-012CA34080F0}"
EndProject
Project("{FAE04EC0-301F-11D3-BF4B-00C04F79EFBC}") = "Exercise01", "Chapter04\演習問題\Exercise01\Exercise01.csproj", "{350AE3DE-74EA-4403-847D-3C25B138F931}"
EndProject
Project("{FAE04EC0-301F-11D3-BF4B-00C04F79EFBC}") = "Exercise02", "Chapter04\演習問題\Exercise02\Exercise02.csproj", "{A20F9349-8548-4F55-A28E-6ACC9C0AF5B0}"
EndProject
Project("{2150E333-8FDC-42A3-9474-1A3956D46DE8}") = "Chapter05", "Chapter05", "{D83905CA-8E07-4D09-83DA-8C4E5A812CED}"
EndProject
Project("{2150E333-8FDC-42A3-9474-1A3956D46DE8}") = "演習問題", "演習問題", "{ECEB8C53-2354-45E9-8111-CE4E5E384A28}"
EndProject
Project("{FAE04EC0-301F-11D3-BF4B-00C04F79EFBC}") = "Exercise01", "Chapter05\演習問題\Exercise01\Exercise01.csproj", "{DA45B207-9451-4F9A-849F-A45A0324E0B0}"
EndProject
Project("{FAE04EC0-301F-11D3-BF4B-00C04F79EFBC}") = "Exercise02", "Chapter05\演習問題\Exercise02\Exercise02.csproj", "{B8F9C3DF-8994-482F-B1DF-45B5F6575E57}"
EndProject
Project("{FAE04EC0-301F-11D3-BF4B-00C04F79EFBC}") = "Exercise03", "Chapter05\演習問題\Exercise03\Exercise03.csproj", "{C50175A7-204C-4D42-A534-94FB4ADA9667}"
EndProject
Project("{FAE04EC0-301F-11D3-BF4B-00C04F79EFBC}") = "Exercise04", "Chapter05\演習問題\Exercise04\Exercise04.csproj", "{175C5C39-B0BE-4AD9-BA5B-FDC44B58EEC6}"
EndProject
Global
	GlobalSection(SolutionConfigurationPlatforms) = preSolution
		Debug|Any CPU = Debug|Any CPU
		Release|Any CPU = Release|Any CPU
	EndGlobalSection
	GlobalSection(ProjectConfigurationPlatforms) = postSolution
		{30ED5CB5-2D47-4E07-A9A4-DB2DEAAF82FD}.Debug|Any CPU.ActiveCfg = Debug|Any CPU
		{30ED5CB5-2D47-4E07-A9A4-DB2DEAAF82FD}.Debug|Any CPU.Build.0 = Debug|Any CPU
		{30ED5CB5-2D47-4E07-A9A4-DB2DEAAF82FD}.Release|Any CPU.ActiveCfg = Release|Any CPU
		{30ED5CB5-2D47-4E07-A9A4-DB2DEAAF82FD}.Release|Any CPU.Build.0 = Release|Any CPU
		{EA6EC0BF-6922-4DE0-9DBB-8A45EF8C420E}.Debug|Any CPU.ActiveCfg = Debug|Any CPU
		{EA6EC0BF-6922-4DE0-9DBB-8A45EF8C420E}.Debug|Any CPU.Build.0 = Debug|Any CPU
		{EA6EC0BF-6922-4DE0-9DBB-8A45EF8C420E}.Release|Any CPU.ActiveCfg = Release|Any CPU
		{EA6EC0BF-6922-4DE0-9DBB-8A45EF8C420E}.Release|Any CPU.Build.0 = Release|Any CPU
		{4D95D509-AADF-4F85-ABFF-07E6643F04BC}.Debug|Any CPU.ActiveCfg = Debug|Any CPU
		{4D95D509-AADF-4F85-ABFF-07E6643F04BC}.Debug|Any CPU.Build.0 = Debug|Any CPU
		{4D95D509-AADF-4F85-ABFF-07E6643F04BC}.Release|Any CPU.ActiveCfg = Release|Any CPU
		{4D95D509-AADF-4F85-ABFF-07E6643F04BC}.Release|Any CPU.Build.0 = Release|Any CPU
		{ABFF734D-F396-4D10-8240-86FA1CF8195D}.Debug|Any CPU.ActiveCfg = Debug|Any CPU
		{ABFF734D-F396-4D10-8240-86FA1CF8195D}.Debug|Any CPU.Build.0 = Debug|Any CPU
		{ABFF734D-F396-4D10-8240-86FA1CF8195D}.Release|Any CPU.ActiveCfg = Release|Any CPU
		{ABFF734D-F396-4D10-8240-86FA1CF8195D}.Release|Any CPU.Build.0 = Release|Any CPU
		{B71D7DE2-56A7-4A7C-B3AE-3C1D78092743}.Debug|Any CPU.ActiveCfg = Debug|Any CPU
		{B71D7DE2-56A7-4A7C-B3AE-3C1D78092743}.Debug|Any CPU.Build.0 = Debug|Any CPU
		{B71D7DE2-56A7-4A7C-B3AE-3C1D78092743}.Release|Any CPU.ActiveCfg = Release|Any CPU
		{B71D7DE2-56A7-4A7C-B3AE-3C1D78092743}.Release|Any CPU.Build.0 = Release|Any CPU
		{E4AF3FD2-9029-4EF7-AE98-ABE13E3F17ED}.Debug|Any CPU.ActiveCfg = Debug|Any CPU
		{E4AF3FD2-9029-4EF7-AE98-ABE13E3F17ED}.Debug|Any CPU.Build.0 = Debug|Any CPU
		{E4AF3FD2-9029-4EF7-AE98-ABE13E3F17ED}.Release|Any CPU.ActiveCfg = Release|Any CPU
		{E4AF3FD2-9029-4EF7-AE98-ABE13E3F17ED}.Release|Any CPU.Build.0 = Release|Any CPU
		{CE0E1029-A9CF-4921-BAB2-D79336F93CF1}.Debug|Any CPU.ActiveCfg = Debug|Any CPU
		{CE0E1029-A9CF-4921-BAB2-D79336F93CF1}.Debug|Any CPU.Build.0 = Debug|Any CPU
		{CE0E1029-A9CF-4921-BAB2-D79336F93CF1}.Release|Any CPU.ActiveCfg = Release|Any CPU
		{CE0E1029-A9CF-4921-BAB2-D79336F93CF1}.Release|Any CPU.Build.0 = Release|Any CPU
		{0BBA2987-2D9C-4FE4-AACE-D95EE321F1D6}.Debug|Any CPU.ActiveCfg = Debug|Any CPU
		{0BBA2987-2D9C-4FE4-AACE-D95EE321F1D6}.Debug|Any CPU.Build.0 = Debug|Any CPU
		{0BBA2987-2D9C-4FE4-AACE-D95EE321F1D6}.Release|Any CPU.ActiveCfg = Release|Any CPU
		{0BBA2987-2D9C-4FE4-AACE-D95EE321F1D6}.Release|Any CPU.Build.0 = Release|Any CPU
		{825E8727-E673-4C72-B926-20C6BCD701AF}.Debug|Any CPU.ActiveCfg = Debug|Any CPU
		{825E8727-E673-4C72-B926-20C6BCD701AF}.Debug|Any CPU.Build.0 = Debug|Any CPU
		{825E8727-E673-4C72-B926-20C6BCD701AF}.Release|Any CPU.ActiveCfg = Release|Any CPU
		{825E8727-E673-4C72-B926-20C6BCD701AF}.Release|Any CPU.Build.0 = Release|Any CPU
		{552CE2D7-F8B7-4B0D-B2E4-66AA38D9F2E3}.Debug|Any CPU.ActiveCfg = Debug|Any CPU
		{552CE2D7-F8B7-4B0D-B2E4-66AA38D9F2E3}.Debug|Any CPU.Build.0 = Debug|Any CPU
		{552CE2D7-F8B7-4B0D-B2E4-66AA38D9F2E3}.Release|Any CPU.ActiveCfg = Release|Any CPU
		{552CE2D7-F8B7-4B0D-B2E4-66AA38D9F2E3}.Release|Any CPU.Build.0 = Release|Any CPU
		{A09899C0-C2B8-4520-B131-DB367AE30869}.Debug|Any CPU.ActiveCfg = Debug|Any CPU
		{A09899C0-C2B8-4520-B131-DB367AE30869}.Debug|Any CPU.Build.0 = Debug|Any CPU
		{A09899C0-C2B8-4520-B131-DB367AE30869}.Release|Any CPU.ActiveCfg = Release|Any CPU
		{A09899C0-C2B8-4520-B131-DB367AE30869}.Release|Any CPU.Build.0 = Release|Any CPU
		{C01338A0-20F0-48FB-BC0C-83ABCCC90B18}.Debug|Any CPU.ActiveCfg = Debug|Any CPU
		{C01338A0-20F0-48FB-BC0C-83ABCCC90B18}.Debug|Any CPU.Build.0 = Debug|Any CPU
		{C01338A0-20F0-48FB-BC0C-83ABCCC90B18}.Release|Any CPU.ActiveCfg = Release|Any CPU
		{C01338A0-20F0-48FB-BC0C-83ABCCC90B18}.Release|Any CPU.Build.0 = Release|Any CPU
		{350AE3DE-74EA-4403-847D-3C25B138F931}.Debug|Any CPU.ActiveCfg = Debug|Any CPU
		{350AE3DE-74EA-4403-847D-3C25B138F931}.Debug|Any CPU.Build.0 = Debug|Any CPU
		{350AE3DE-74EA-4403-847D-3C25B138F931}.Release|Any CPU.ActiveCfg = Release|Any CPU
		{350AE3DE-74EA-4403-847D-3C25B138F931}.Release|Any CPU.Build.0 = Release|Any CPU
		{A20F9349-8548-4F55-A28E-6ACC9C0AF5B0}.Debug|Any CPU.ActiveCfg = Debug|Any CPU
		{A20F9349-8548-4F55-A28E-6ACC9C0AF5B0}.Debug|Any CPU.Build.0 = Debug|Any CPU
		{A20F9349-8548-4F55-A28E-6ACC9C0AF5B0}.Release|Any CPU.ActiveCfg = Release|Any CPU
		{A20F9349-8548-4F55-A28E-6ACC9C0AF5B0}.Release|Any CPU.Build.0 = Release|Any CPU
		{DA45B207-9451-4F9A-849F-A45A0324E0B0}.Debug|Any CPU.ActiveCfg = Debug|Any CPU
		{DA45B207-9451-4F9A-849F-A45A0324E0B0}.Debug|Any CPU.Build.0 = Debug|Any CPU
		{DA45B207-9451-4F9A-849F-A45A0324E0B0}.Release|Any CPU.ActiveCfg = Release|Any CPU
		{DA45B207-9451-4F9A-849F-A45A0324E0B0}.Release|Any CPU.Build.0 = Release|Any CPU
		{B8F9C3DF-8994-482F-B1DF-45B5F6575E57}.Debug|Any CPU.ActiveCfg = Debug|Any CPU
		{B8F9C3DF-8994-482F-B1DF-45B5F6575E57}.Debug|Any CPU.Build.0 = Debug|Any CPU
		{B8F9C3DF-8994-482F-B1DF-45B5F6575E57}.Release|Any CPU.ActiveCfg = Release|Any CPU
		{B8F9C3DF-8994-482F-B1DF-45B5F6575E57}.Release|Any CPU.Build.0 = Release|Any CPU
		{C50175A7-204C-4D42-A534-94FB4ADA9667}.Debug|Any CPU.ActiveCfg = Debug|Any CPU
		{C50175A7-204C-4D42-A534-94FB4ADA9667}.Debug|Any CPU.Build.0 = Debug|Any CPU
		{C50175A7-204C-4D42-A534-94FB4ADA9667}.Release|Any CPU.ActiveCfg = Release|Any CPU
		{C50175A7-204C-4D42-A534-94FB4ADA9667}.Release|Any CPU.Build.0 = Release|Any CPU
		{175C5C39-B0BE-4AD9-BA5B-FDC44B58EEC6}.Debug|Any CPU.ActiveCfg = Debug|Any CPU
		{175C5C39-B0BE-4AD9-BA5B-FDC44B58EEC6}.Debug|Any CPU.Build.0 = Debug|Any CPU
		{175C5C39-B0BE-4AD9-BA5B-FDC44B58EEC6}.Release|Any CPU.ActiveCfg = Release|Any CPU
		{175C5C39-B0BE-4AD9-BA5B-FDC44B58EEC6}.Release|Any CPU.Build.0 = Release|Any CPU
	EndGlobalSection
	GlobalSection(SolutionProperties) = preSolution
		HideSolutionNode = FALSE
	EndGlobalSection
	GlobalSection(NestedProjects) = preSolution
		{30ED5CB5-2D47-4E07-A9A4-DB2DEAAF82FD} = {46AEBCD8-9A8D-4B83-A604-30C9E583D91F}
		{EA6EC0BF-6922-4DE0-9DBB-8A45EF8C420E} = {46AEBCD8-9A8D-4B83-A604-30C9E583D91F}
		{1C31F544-502C-4C53-BDC8-EA486F6B3730} = {F874A513-632A-492B-9B5E-A2EE02DCF081}
		{4D95D509-AADF-4F85-ABFF-07E6643F04BC} = {1C31F544-502C-4C53-BDC8-EA486F6B3730}
		{DDA4AB51-39A9-46AD-9C4B-507031073B26} = {F874A513-632A-492B-9B5E-A2EE02DCF081}
		{ABFF734D-F396-4D10-8240-86FA1CF8195D} = {DDA4AB51-39A9-46AD-9C4B-507031073B26}
		{D8FBC4D9-1B72-4E64-9583-424A4C30FEFB} = {F874A513-632A-492B-9B5E-A2EE02DCF081}
		{B71D7DE2-56A7-4A7C-B3AE-3C1D78092743} = {D8FBC4D9-1B72-4E64-9583-424A4C30FEFB}
		{E4AF3FD2-9029-4EF7-AE98-ABE13E3F17ED} = {D8FBC4D9-1B72-4E64-9583-424A4C30FEFB}
		{CE0E1029-A9CF-4921-BAB2-D79336F93CF1} = {D8FBC4D9-1B72-4E64-9583-424A4C30FEFB}
		{0BBA2987-2D9C-4FE4-AACE-D95EE321F1D6} = {61CB6B77-4B63-4E94-9B93-360F773600EA}
		{825E8727-E673-4C72-B926-20C6BCD701AF} = {23B5B679-4307-4670-B52A-CEE0F341E22F}
		{D672636C-5644-488D-840D-DE72B3B16E68} = {23B5B679-4307-4670-B52A-CEE0F341E22F}
		{552CE2D7-F8B7-4B0D-B2E4-66AA38D9F2E3} = {D672636C-5644-488D-840D-DE72B3B16E68}
		{A09899C0-C2B8-4520-B131-DB367AE30869} = {D672636C-5644-488D-840D-DE72B3B16E68}
		{C01338A0-20F0-48FB-BC0C-83ABCCC90B18} = {774DAACB-9F02-4608-8FF3-ED6D44049FEC}
		{100EDB29-E7E6-4B4A-A073-012CA34080F0} = {774DAACB-9F02-4608-8FF3-ED6D44049FEC}
		{350AE3DE-74EA-4403-847D-3C25B138F931} = {100EDB29-E7E6-4B4A-A073-012CA34080F0}
		{A20F9349-8548-4F55-A28E-6ACC9C0AF5B0} = {100EDB29-E7E6-4B4A-A073-012CA34080F0}
		{ECEB8C53-2354-45E9-8111-CE4E5E384A28} = {D83905CA-8E07-4D09-83DA-8C4E5A812CED}
		{DA45B207-9451-4F9A-849F-A45A0324E0B0} = {ECEB8C53-2354-45E9-8111-CE4E5E384A28}
		{B8F9C3DF-8994-482F-B1DF-45B5F6575E57} = {ECEB8C53-2354-45E9-8111-CE4E5E384A28}
		{C50175A7-204C-4D42-A534-94FB4ADA9667} = {ECEB8C53-2354-45E9-8111-CE4E5E384A28}
		{175C5C39-B0BE-4AD9-BA5B-FDC44B58EEC6} = {ECEB8C53-2354-45E9-8111-CE4E5E384A28}
	EndGlobalSection
	GlobalSection(ExtensibilityGlobals) = postSolution
		SolutionGuid = {E418997B-137B-496D-B446-F04654330FBF}
	EndGlobalSection
EndGlobal
