
Microsoft Visual Studio Solution File, Format Version 12.00
# Visual Studio Version 17
VisualStudioVersion = 17.9.34607.119
MinimumVisualStudioVersion = 10.0.40219.1
Project("{2150E333-8FDC-42A3-9474-1A3956D46DE8}") = "Chapter01", "Chapter01", "{46AEBCD8-9A8D-4B83-A604-30C9E583D91F}"
EndProject
Project("{FAE04EC0-301F-11D3-BF4B-00C04F79EFBC}") = "ProductSample", "Chapter01\ProductSample\ProductSample.csproj", "{30ED5CB5-2D47-4E07-A9A4-DB2DEAAF82FD}"
EndProject
Project("{FAE04EC0-301F-11D3-BF4B-00C04F79EFBC}") = "Sample_p38", "Chapter01\Sample_p38\Sample_p38.csproj", "{EA6EC0BF-6922-4DE0-9DBB-8A45EF8C420E}"
EndProject
Project("{2150E333-8FDC-42A3-9474-1A3956D46DE8}") = "Chapter02", "Chapter02", "{F874A513-632A-492B-9B5E-A2EE02DCF081}"
EndProject
Project("{2150E333-8FDC-42A3-9474-1A3956D46DE8}") = "距離換算プログラム", "距離換算プログラム", "{1C31F544-502C-4C53-BDC8-EA486F6B3730}"
EndProject
Project("{FAE04EC0-301F-11D3-BF4B-00C04F79EFBC}") = "DistanceConverter", "Chapter02\DistanceConverter\DistanceConverter.csproj", "{4D95D509-AADF-4F85-ABFF-07E6643F04BC}"
EndProject
Project("{2150E333-8FDC-42A3-9474-1A3956D46DE8}") = "売上集計プログラム", "売上集計プログラム", "{DDA4AB51-39A9-46AD-9C4B-507031073B26}"
EndProject
Project("{FAE04EC0-301F-11D3-BF4B-00C04F79EFBC}") = "SalesCounter", "Chapter02\SalesCounter\SalesCounter.csproj", "{ABFF734D-F396-4D10-8240-86FA1CF8195D}"
EndProject
Project("{2150E333-8FDC-42A3-9474-1A3956D46DE8}") = "#演習問題", "#演習問題", "{D8FBC4D9-1B72-4E64-9583-424A4C30FEFB}"
EndProject
Project("{FAE04EC0-301F-11D3-BF4B-00C04F79EFBC}") = "Exercise1", "Chapter02\演習問題\Exercise1\Exercise1.csproj", "{B71D7DE2-56A7-4A7C-B3AE-3C1D78092743}"
EndProject
Project("{FAE04EC0-301F-11D3-BF4B-00C04F79EFBC}") = "Exercise2", "Chapter02\演習問題\Exercise2\Exercise2.csproj", "{E4AF3FD2-9029-4EF7-AE98-ABE13E3F17ED}"
EndProject
Project("{FAE04EC0-301F-11D3-BF4B-00C04F79EFBC}") = "Exercise2'", "Chapter02\演習問題\Exercise2'\Exercise2'.csproj", "{CE0E1029-A9CF-4921-BAB2-D79336F93CF1}"
EndProject
Project("{2150E333-8FDC-42A3-9474-1A3956D46DE8}") = "FormApps", "FormApps", "{61CB6B77-4B63-4E94-9B93-360F773600EA}"
EndProject
Project("{9A19103F-16F7-4668-BE54-9A1E7A4F7556}") = "BallApp", "FormApps\BallApp\BallApp.csproj", "{0BBA2987-2D9C-4FE4-AACE-D95EE321F1D6}"
EndProject
Project("{2150E333-8FDC-42A3-9474-1A3956D46DE8}") = "Chapter03", "Chapter03", "{23B5B679-4307-4670-B52A-CEE0F341E22F}"
EndProject
Project("{FAE04EC0-301F-11D3-BF4B-00C04F79EFBC}") = "Section01", "Chapter03\Section01\Section01.csproj", "{825E8727-E673-4C72-B926-20C6BCD701AF}"
EndProject
Project("{2150E333-8FDC-42A3-9474-1A3956D46DE8}") = "演習問題", "演習問題", "{D672636C-5644-488D-840D-DE72B3B16E68}"
EndProject
Project("{FAE04EC0-301F-11D3-BF4B-00C04F79EFBC}") = "Exercise01", "Chapter03\Exercise01\Exercise01.csproj", "{552CE2D7-F8B7-4B0D-B2E4-66AA38D9F2E3}"
EndProject
Project("{FAE04EC0-301F-11D3-BF4B-00C04F79EFBC}") = "Exercise02", "Chapter03\Exercise02\Exercise02.csproj", "{A09899C0-C2B8-4520-B131-DB367AE30869}"
EndProject
Project("{2150E333-8FDC-42A3-9474-1A3956D46DE8}") = "Chapter04", "Chapter04", "{774DAACB-9F02-4608-8FF3-ED6D44049FEC}"
EndProject
Project("{FAE04EC0-301F-11D3-BF4B-00C04F79EFBC}") = "Section01", "Chapter04\Section01\Section01.csproj", "{C01338A0-20F0-48FB-BC0C-83ABCCC90B18}"
EndProject
Project("{2150E333-8FDC-42A3-9474-1A3956D46DE8}") = "演習問題", "演習問題", "{100EDB29-E7E6-4B4A-A073-012CA34080F0}"
EndProject
Project("{FAE04EC0-301F-11D3-BF4B-00C04F79EFBC}") = "Exercise01", "Chapter04\演習問題\Exercise01\Exercise01.csproj", "{350AE3DE-74EA-4403-847D-3C25B138F931}"
EndProject
Project("{FAE04EC0-301F-11D3-BF4B-00C04F79EFBC}") = "Exercise02", "Chapter04\演習問題\Exercise02\Exercise02.csproj", "{A20F9349-8548-4F55-A28E-6ACC9C0AF5B0}"
EndProject
Project("{2150E333-8FDC-42A3-9474-1A3956D46DE8}") = "Chapter05", "Chapter05", "{D83905CA-8E07-4D09-83DA-8C4E5A812CED}"
EndProject
Project("{2150E333-8FDC-42A3-9474-1A3956D46DE8}") = "演習問題", "演習問題", "{ECEB8C53-2354-45E9-8111-CE4E5E384A28}"
EndProject
Project("{FAE04EC0-301F-11D3-BF4B-00C04F79EFBC}") = "Exercise01", "Chapter05\演習問題\Exercise01\Exercise01.csproj", "{DA45B207-9451-4F9A-849F-A45A0324E0B0}"
EndProject
Project("{FAE04EC0-301F-11D3-BF4B-00C04F79EFBC}") = "Exercise02", "Chapter05\演習問題\Exercise02\Exercise02.csproj", "{B8F9C3DF-8994-482F-B1DF-45B5F6575E57}"
EndProject
Project("{FAE04EC0-301F-11D3-BF4B-00C04F79EFBC}") = "Exercise03", "Chapter05\演習問題\Exercise03\Exercise03.csproj", "{C50175A7-204C-4D42-A534-94FB4ADA9667}"
EndProject
Project("{FAE04EC0-301F-11D3-BF4B-00C04F79EFBC}") = "Exercise04", "Chapter05\演習問題\Exercise04\Exercise04.csproj", "{175C5C39-B0BE-4AD9-BA5B-FDC44B58EEC6}"
EndProject
Project("{2150E333-8FDC-42A3-9474-1A3956D46DE8}") = "Chapter06", "Chapter06", "{8A5B79C2-8906-49D3-B26F-4614540B20CB}"
EndProject
Project("{FAE04EC0-301F-11D3-BF4B-00C04F79EFBC}") = "Section01", "Chapter06\Section01\Section01.csproj", "{F52D9635-E93E-45FC-AD9F-1324C9CA0ABF}"
EndProject
Project("{2150E333-8FDC-42A3-9474-1A3956D46DE8}") = "演習問題", "演習問題", "{A2C53FE4-03DB-407F-80E8-E644CCDC4467}"
EndProject
Project("{FAE04EC0-301F-11D3-BF4B-00C04F79EFBC}") = "Exercise01", "Chapter06\演習問題\Exercise01\Exercise01.csproj", "{91AFF9A7-8C00-4CC2-B968-991271A40748}"
EndProject
Project("{FAE04EC0-301F-11D3-BF4B-00C04F79EFBC}") = "Exercise02", "Chapter06\演習問題\Exercise02\Exercise02.csproj", "{DD5C0668-0773-4B36-9583-15ED97BE68CB}"
EndProject
Project("{2150E333-8FDC-42A3-9474-1A3956D46DE8}") = "Chapter07", "Chapter07", "{A8F29F4E-237E-413E-9940-3C5B2CD30D7F}"
EndProject
Project("{FAE04EC0-301F-11D3-BF4B-00C04F79EFBC}") = "Section01", "Chapter07\Employee\Section01.csproj", "{471D95A4-D2C3-4685-AD9C-4116F0F88D0C}"
EndProject
Project("{FAE04EC0-301F-11D3-BF4B-00C04F79EFBC}") = "Section02", "Chapter07\Section02\Section02.csproj", "{80E4DCD1-B45A-491B-AB87-4118C2760757}"
EndProject
Project("{2150E333-8FDC-42A3-9474-1A3956D46DE8}") = "Test2406", "Test2406", "{949D5E30-23B5-4475-ABF3-FE1BF327CA71}"
EndProject
Project("{FAE04EC0-301F-11D3-BF4B-00C04F79EFBC}") = "Test01", "TestProject\Test01\Test01.csproj", "{2BFACDC3-F44D-4199-8498-F5C3C4AC0335}"
EndProject
Project("{FAE04EC0-301F-11D3-BF4B-00C04F79EFBC}") = "Test02", "TestProject\Test02\Test02.csproj", "{E461C0A8-8900-485C-B520-E929BA33F712}"
EndProject
Project("{FAE04EC0-301F-11D3-BF4B-00C04F79EFBC}") = "Section03", "Chapter07\Section03\Section03.csproj", "{67E8CDA7-D26C-4C5F-8159-AD18E7EE1F95}"
EndProject
Project("{FAE04EC0-301F-11D3-BF4B-00C04F79EFBC}") = "Section04", "Chapter07\Section04\Section04.csproj", "{55D7F738-D10E-4B7C-8B65-B5A96615892A}"
EndProject
Project("{2150E333-8FDC-42A3-9474-1A3956D46DE8}") = "Chapter08", "Chapter08", "{D98B2D0B-47C4-48EC-A2A5-FEB54446E25F}"
EndProject
Project("{FAE04EC0-301F-11D3-BF4B-00C04F79EFBC}") = "Section01", "Chapter08\Section01\Section01.csproj", "{6A995428-FC58-474F-B768-391EF4C59BCE}"
EndProject
Project("{9A19103F-16F7-4668-BE54-9A1E7A4F7556}") = "DateTimeApp", "FormApps\DateTimeApp\DateTimeApp.csproj", "{FC7E0251-FB47-4F0F-84C9-75D1978B1033}"
EndProject
Project("{2150E333-8FDC-42A3-9474-1A3956D46DE8}") = "演習問題", "演習問題", "{3B113331-B289-4D7C-800B-71E28BE0A9B1}"
EndProject
Project("{9A19103F-16F7-4668-BE54-9A1E7A4F7556}") = "Exercise01", "Chapter08\演習問題\Exercise02\Exercise01.csproj", "{D4215B3F-8EC6-4E78-B2A8-86EBEE32B41A}"
EndProject
Project("{9A19103F-16F7-4668-BE54-9A1E7A4F7556}") = "CarReportSystem", "FormApps\CarReportSystem\CarReportSystem.csproj", "{9F646881-55B1-457A-AF13-D7ECF11A2787}"
EndProject
Project("{2150E333-8FDC-42A3-9474-1A3956D46DE8}") = "Solution Items", "Solution Items", "{03BA26B9-5B23-4A02-B5DA-00819E0C3073}"
	ProjectSection(SolutionItems) = preProject
		.editorconfig = .editorconfig
	EndProjectSection
EndProject
Project("{2150E333-8FDC-42A3-9474-1A3956D46DE8}") = "Chapter12", "Chapter12", "{A5740980-D7F6-465C-8BCD-F3BF0E0AA865}"
EndProject
Project("{FAE04EC0-301F-11D3-BF4B-00C04F79EFBC}") = "Section01", "Chapter12\Section01\Section01.csproj", "{2494EFDF-66C5-41B4-BF30-A1584D71EB6E}"
EndProject
Project("{2150E333-8FDC-42A3-9474-1A3956D46DE8}") = "Chapter11", "Chapter11", "{609E9FC7-429F-484F-9503-C5D4BC300D1D}"
EndProject
Project("{FAE04EC0-301F-11D3-BF4B-00C04F79EFBC}") = "Section01", "Chapter11\Section01\Section01.csproj", "{3AD78358-F8E3-46CA-A153-D8465C5FC066}"
EndProject
Project("{FAE04EC0-301F-11D3-BF4B-00C04F79EFBC}") = "Section02", "Chapter11\Section02\Section02.csproj", "{30ED9E50-0765-4D3A-80C5-FE21E5D7ACCA}"
EndProject
Project("{2150E333-8FDC-42A3-9474-1A3956D46DE8}") = "演習問題", "演習問題", "{1518D983-5F8A-4BF8-89C7-0B4C2C0D538F}"
EndProject
Project("{FAE04EC0-301F-11D3-BF4B-00C04F79EFBC}") = "Exercise01", "Chapter12\Exercise01\Exercise01.csproj", "{60EABADC-DFC4-4C00-A1F3-17933FBE9E77}"
EndProject
Project("{FAE04EC0-301F-11D3-BF4B-00C04F79EFBC}") = "Section02", "Chapter12\Section02\Section02.csproj", "{10B4D967-0103-4FF1-9FA0-687801AA6A36}"
EndProject
Project("{FAE04EC0-301F-11D3-BF4B-00C04F79EFBC}") = "RssReader", "FormApps\RssReader\RssReader.csproj", "{5A9BFBEF-6D8A-4E35-A66A-BCF1B6EB0477}"
EndProject
Project("{2150E333-8FDC-42A3-9474-1A3956D46DE8}") = "Chapter13", "Chapter13", "{2FB253D7-195C-4A86-864E-4DE52244DAE6}"
EndProject
Project("{FAE04EC0-301F-11D3-BF4B-00C04F79EFBC}") = "SampleEntityFramework", "Chapter13\SampleEntityFramework\SampleEntityFramework.csproj", "{96BE8840-23D2-41D2-9342-001EE821FAE1}"
EndProject
Project("{FAE04EC0-301F-11D3-BF4B-00C04F79EFBC}") = "ADOSample", "FormApps\ADOSample\ADOSample.csproj", "{988960C1-F5D5-43D8-B166-91FABBD648E9}"
EndProject
Project("{2150E333-8FDC-42A3-9474-1A3956D46DE8}") = "Chapter15", "Chapter15", "{28CF8C19-8F8E-43D0-9D0B-795AC96769A6}"
EndProject
Project("{FAE04EC0-301F-11D3-BF4B-00C04F79EFBC}") = "Section01", "Chapter15\Section01\Section01.csproj", "{30693EDA-CB5F-43AC-83AB-13CE9CABB8C5}"
EndProject
Project("{2150E333-8FDC-42A3-9474-1A3956D46DE8}") = "演習問題", "演習問題", "{86C17900-AE95-40E5-9C3D-A930D9918F1B}"
EndProject
Project("{FAE04EC0-301F-11D3-BF4B-00C04F79EFBC}") = "Exercise01", "Chapter15\演習問題\Exercise01\Exercise01.csproj", "{899A7B33-8454-4681-9659-D01B4E768108}"
EndProject
Project("{2150E333-8FDC-42A3-9474-1A3956D46DE8}") = "Chapter16", "Chapter16", "{299797C2-C0CD-43E8-BC76-C78E00CDAA74}"
EndProject
Project("{FAE04EC0-301F-11D3-BF4B-00C04F79EFBC}") = "Section03", "Chapter16\Section03\Section03.csproj", "{8680257F-CFB4-42DB-8DD2-3F7F33D59C87}"
EndProject
Project("{FAE04EC0-301F-11D3-BF4B-00C04F79EFBC}") = "Section04", "Chapter16\Section04\Section04.csproj", "{5CFC4712-F166-44D4-95CD-F20A5491F343}"
EndProject
Global
	GlobalSection(SolutionConfigurationPlatforms) = preSolution
		Debug|Any CPU = Debug|Any CPU
		Release|Any CPU = Release|Any CPU
	EndGlobalSection
	GlobalSection(ProjectConfigurationPlatforms) = postSolution
		{30ED5CB5-2D47-4E07-A9A4-DB2DEAAF82FD}.Debug|Any CPU.ActiveCfg = Debug|Any CPU
		{30ED5CB5-2D47-4E07-A9A4-DB2DEAAF82FD}.Debug|Any CPU.Build.0 = Debug|Any CPU
		{30ED5CB5-2D47-4E07-A9A4-DB2DEAAF82FD}.Release|Any CPU.ActiveCfg = Release|Any CPU
		{30ED5CB5-2D47-4E07-A9A4-DB2DEAAF82FD}.Release|Any CPU.Build.0 = Release|Any CPU
		{EA6EC0BF-6922-4DE0-9DBB-8A45EF8C420E}.Debug|Any CPU.ActiveCfg = Debug|Any CPU
		{EA6EC0BF-6922-4DE0-9DBB-8A45EF8C420E}.Debug|Any CPU.Build.0 = Debug|Any CPU
		{EA6EC0BF-6922-4DE0-9DBB-8A45EF8C420E}.Release|Any CPU.ActiveCfg = Release|Any CPU
		{EA6EC0BF-6922-4DE0-9DBB-8A45EF8C420E}.Release|Any CPU.Build.0 = Release|Any CPU
		{4D95D509-AADF-4F85-ABFF-07E6643F04BC}.Debug|Any CPU.ActiveCfg = Debug|Any CPU
		{4D95D509-AADF-4F85-ABFF-07E6643F04BC}.Debug|Any CPU.Build.0 = Debug|Any CPU
		{4D95D509-AADF-4F85-ABFF-07E6643F04BC}.Release|Any CPU.ActiveCfg = Release|Any CPU
		{4D95D509-AADF-4F85-ABFF-07E6643F04BC}.Release|Any CPU.Build.0 = Release|Any CPU
		{ABFF734D-F396-4D10-8240-86FA1CF8195D}.Debug|Any CPU.ActiveCfg = Debug|Any CPU
		{ABFF734D-F396-4D10-8240-86FA1CF8195D}.Debug|Any CPU.Build.0 = Debug|Any CPU
		{ABFF734D-F396-4D10-8240-86FA1CF8195D}.Release|Any CPU.ActiveCfg = Release|Any CPU
		{ABFF734D-F396-4D10-8240-86FA1CF8195D}.Release|Any CPU.Build.0 = Release|Any CPU
		{B71D7DE2-56A7-4A7C-B3AE-3C1D78092743}.Debug|Any CPU.ActiveCfg = Debug|Any CPU
		{B71D7DE2-56A7-4A7C-B3AE-3C1D78092743}.Debug|Any CPU.Build.0 = Debug|Any CPU
		{B71D7DE2-56A7-4A7C-B3AE-3C1D78092743}.Release|Any CPU.ActiveCfg = Release|Any CPU
		{B71D7DE2-56A7-4A7C-B3AE-3C1D78092743}.Release|Any CPU.Build.0 = Release|Any CPU
		{E4AF3FD2-9029-4EF7-AE98-ABE13E3F17ED}.Debug|Any CPU.ActiveCfg = Debug|Any CPU
		{E4AF3FD2-9029-4EF7-AE98-ABE13E3F17ED}.Debug|Any CPU.Build.0 = Debug|Any CPU
		{E4AF3FD2-9029-4EF7-AE98-ABE13E3F17ED}.Release|Any CPU.ActiveCfg = Release|Any CPU
		{E4AF3FD2-9029-4EF7-AE98-ABE13E3F17ED}.Release|Any CPU.Build.0 = Release|Any CPU
		{CE0E1029-A9CF-4921-BAB2-D79336F93CF1}.Debug|Any CPU.ActiveCfg = Debug|Any CPU
		{CE0E1029-A9CF-4921-BAB2-D79336F93CF1}.Debug|Any CPU.Build.0 = Debug|Any CPU
		{CE0E1029-A9CF-4921-BAB2-D79336F93CF1}.Release|Any CPU.ActiveCfg = Release|Any CPU
		{CE0E1029-A9CF-4921-BAB2-D79336F93CF1}.Release|Any CPU.Build.0 = Release|Any CPU
		{0BBA2987-2D9C-4FE4-AACE-D95EE321F1D6}.Debug|Any CPU.ActiveCfg = Debug|Any CPU
		{0BBA2987-2D9C-4FE4-AACE-D95EE321F1D6}.Debug|Any CPU.Build.0 = Debug|Any CPU
		{0BBA2987-2D9C-4FE4-AACE-D95EE321F1D6}.Release|Any CPU.ActiveCfg = Release|Any CPU
		{0BBA2987-2D9C-4FE4-AACE-D95EE321F1D6}.Release|Any CPU.Build.0 = Release|Any CPU
		{825E8727-E673-4C72-B926-20C6BCD701AF}.Debug|Any CPU.ActiveCfg = Debug|Any CPU
		{825E8727-E673-4C72-B926-20C6BCD701AF}.Debug|Any CPU.Build.0 = Debug|Any CPU
		{825E8727-E673-4C72-B926-20C6BCD701AF}.Release|Any CPU.ActiveCfg = Release|Any CPU
		{825E8727-E673-4C72-B926-20C6BCD701AF}.Release|Any CPU.Build.0 = Release|Any CPU
		{552CE2D7-F8B7-4B0D-B2E4-66AA38D9F2E3}.Debug|Any CPU.ActiveCfg = Debug|Any CPU
		{552CE2D7-F8B7-4B0D-B2E4-66AA38D9F2E3}.Debug|Any CPU.Build.0 = Debug|Any CPU
		{552CE2D7-F8B7-4B0D-B2E4-66AA38D9F2E3}.Release|Any CPU.ActiveCfg = Release|Any CPU
		{552CE2D7-F8B7-4B0D-B2E4-66AA38D9F2E3}.Release|Any CPU.Build.0 = Release|Any CPU
		{A09899C0-C2B8-4520-B131-DB367AE30869}.Debug|Any CPU.ActiveCfg = Debug|Any CPU
		{A09899C0-C2B8-4520-B131-DB367AE30869}.Debug|Any CPU.Build.0 = Debug|Any CPU
		{A09899C0-C2B8-4520-B131-DB367AE30869}.Release|Any CPU.ActiveCfg = Release|Any CPU
		{A09899C0-C2B8-4520-B131-DB367AE30869}.Release|Any CPU.Build.0 = Release|Any CPU
		{C01338A0-20F0-48FB-BC0C-83ABCCC90B18}.Debug|Any CPU.ActiveCfg = Debug|Any CPU
		{C01338A0-20F0-48FB-BC0C-83ABCCC90B18}.Debug|Any CPU.Build.0 = Debug|Any CPU
		{C01338A0-20F0-48FB-BC0C-83ABCCC90B18}.Release|Any CPU.ActiveCfg = Release|Any CPU
		{C01338A0-20F0-48FB-BC0C-83ABCCC90B18}.Release|Any CPU.Build.0 = Release|Any CPU
		{350AE3DE-74EA-4403-847D-3C25B138F931}.Debug|Any CPU.ActiveCfg = Debug|Any CPU
		{350AE3DE-74EA-4403-847D-3C25B138F931}.Debug|Any CPU.Build.0 = Debug|Any CPU
		{350AE3DE-74EA-4403-847D-3C25B138F931}.Release|Any CPU.ActiveCfg = Release|Any CPU
		{350AE3DE-74EA-4403-847D-3C25B138F931}.Release|Any CPU.Build.0 = Release|Any CPU
		{A20F9349-8548-4F55-A28E-6ACC9C0AF5B0}.Debug|Any CPU.ActiveCfg = Debug|Any CPU
		{A20F9349-8548-4F55-A28E-6ACC9C0AF5B0}.Debug|Any CPU.Build.0 = Debug|Any CPU
		{A20F9349-8548-4F55-A28E-6ACC9C0AF5B0}.Release|Any CPU.ActiveCfg = Release|Any CPU
		{A20F9349-8548-4F55-A28E-6ACC9C0AF5B0}.Release|Any CPU.Build.0 = Release|Any CPU
		{DA45B207-9451-4F9A-849F-A45A0324E0B0}.Debug|Any CPU.ActiveCfg = Debug|Any CPU
		{DA45B207-9451-4F9A-849F-A45A0324E0B0}.Debug|Any CPU.Build.0 = Debug|Any CPU
		{DA45B207-9451-4F9A-849F-A45A0324E0B0}.Release|Any CPU.ActiveCfg = Release|Any CPU
		{DA45B207-9451-4F9A-849F-A45A0324E0B0}.Release|Any CPU.Build.0 = Release|Any CPU
		{B8F9C3DF-8994-482F-B1DF-45B5F6575E57}.Debug|Any CPU.ActiveCfg = Debug|Any CPU
		{B8F9C3DF-8994-482F-B1DF-45B5F6575E57}.Debug|Any CPU.Build.0 = Debug|Any CPU
		{B8F9C3DF-8994-482F-B1DF-45B5F6575E57}.Release|Any CPU.ActiveCfg = Release|Any CPU
		{B8F9C3DF-8994-482F-B1DF-45B5F6575E57}.Release|Any CPU.Build.0 = Release|Any CPU
		{C50175A7-204C-4D42-A534-94FB4ADA9667}.Debug|Any CPU.ActiveCfg = Debug|Any CPU
		{C50175A7-204C-4D42-A534-94FB4ADA9667}.Debug|Any CPU.Build.0 = Debug|Any CPU
		{C50175A7-204C-4D42-A534-94FB4ADA9667}.Release|Any CPU.ActiveCfg = Release|Any CPU
		{C50175A7-204C-4D42-A534-94FB4ADA9667}.Release|Any CPU.Build.0 = Release|Any CPU
		{175C5C39-B0BE-4AD9-BA5B-FDC44B58EEC6}.Debug|Any CPU.ActiveCfg = Debug|Any CPU
		{175C5C39-B0BE-4AD9-BA5B-FDC44B58EEC6}.Debug|Any CPU.Build.0 = Debug|Any CPU
		{175C5C39-B0BE-4AD9-BA5B-FDC44B58EEC6}.Release|Any CPU.ActiveCfg = Release|Any CPU
		{175C5C39-B0BE-4AD9-BA5B-FDC44B58EEC6}.Release|Any CPU.Build.0 = Release|Any CPU
		{F52D9635-E93E-45FC-AD9F-1324C9CA0ABF}.Debug|Any CPU.ActiveCfg = Debug|Any CPU
		{F52D9635-E93E-45FC-AD9F-1324C9CA0ABF}.Debug|Any CPU.Build.0 = Debug|Any CPU
		{F52D9635-E93E-45FC-AD9F-1324C9CA0ABF}.Release|Any CPU.ActiveCfg = Release|Any CPU
		{F52D9635-E93E-45FC-AD9F-1324C9CA0ABF}.Release|Any CPU.Build.0 = Release|Any CPU
		{91AFF9A7-8C00-4CC2-B968-991271A40748}.Debug|Any CPU.ActiveCfg = Debug|Any CPU
		{91AFF9A7-8C00-4CC2-B968-991271A40748}.Debug|Any CPU.Build.0 = Debug|Any CPU
		{91AFF9A7-8C00-4CC2-B968-991271A40748}.Release|Any CPU.ActiveCfg = Release|Any CPU
		{91AFF9A7-8C00-4CC2-B968-991271A40748}.Release|Any CPU.Build.0 = Release|Any CPU
		{DD5C0668-0773-4B36-9583-15ED97BE68CB}.Debug|Any CPU.ActiveCfg = Debug|Any CPU
		{DD5C0668-0773-4B36-9583-15ED97BE68CB}.Debug|Any CPU.Build.0 = Debug|Any CPU
		{DD5C0668-0773-4B36-9583-15ED97BE68CB}.Release|Any CPU.ActiveCfg = Release|Any CPU
		{DD5C0668-0773-4B36-9583-15ED97BE68CB}.Release|Any CPU.Build.0 = Release|Any CPU
		{471D95A4-D2C3-4685-AD9C-4116F0F88D0C}.Debug|Any CPU.ActiveCfg = Debug|Any CPU
		{471D95A4-D2C3-4685-AD9C-4116F0F88D0C}.Debug|Any CPU.Build.0 = Debug|Any CPU
		{471D95A4-D2C3-4685-AD9C-4116F0F88D0C}.Release|Any CPU.ActiveCfg = Release|Any CPU
		{471D95A4-D2C3-4685-AD9C-4116F0F88D0C}.Release|Any CPU.Build.0 = Release|Any CPU
		{80E4DCD1-B45A-491B-AB87-4118C2760757}.Debug|Any CPU.ActiveCfg = Debug|Any CPU
		{80E4DCD1-B45A-491B-AB87-4118C2760757}.Debug|Any CPU.Build.0 = Debug|Any CPU
		{80E4DCD1-B45A-491B-AB87-4118C2760757}.Release|Any CPU.ActiveCfg = Release|Any CPU
		{80E4DCD1-B45A-491B-AB87-4118C2760757}.Release|Any CPU.Build.0 = Release|Any CPU
		{2BFACDC3-F44D-4199-8498-F5C3C4AC0335}.Debug|Any CPU.ActiveCfg = Debug|Any CPU
		{2BFACDC3-F44D-4199-8498-F5C3C4AC0335}.Debug|Any CPU.Build.0 = Debug|Any CPU
		{2BFACDC3-F44D-4199-8498-F5C3C4AC0335}.Release|Any CPU.ActiveCfg = Release|Any CPU
		{2BFACDC3-F44D-4199-8498-F5C3C4AC0335}.Release|Any CPU.Build.0 = Release|Any CPU
		{E461C0A8-8900-485C-B520-E929BA33F712}.Debug|Any CPU.ActiveCfg = Debug|Any CPU
		{E461C0A8-8900-485C-B520-E929BA33F712}.Debug|Any CPU.Build.0 = Debug|Any CPU
		{E461C0A8-8900-485C-B520-E929BA33F712}.Release|Any CPU.ActiveCfg = Release|Any CPU
		{E461C0A8-8900-485C-B520-E929BA33F712}.Release|Any CPU.Build.0 = Release|Any CPU
		{67E8CDA7-D26C-4C5F-8159-AD18E7EE1F95}.Debug|Any CPU.ActiveCfg = Debug|Any CPU
		{67E8CDA7-D26C-4C5F-8159-AD18E7EE1F95}.Debug|Any CPU.Build.0 = Debug|Any CPU
		{67E8CDA7-D26C-4C5F-8159-AD18E7EE1F95}.Release|Any CPU.ActiveCfg = Release|Any CPU
		{67E8CDA7-D26C-4C5F-8159-AD18E7EE1F95}.Release|Any CPU.Build.0 = Release|Any CPU
		{55D7F738-D10E-4B7C-8B65-B5A96615892A}.Debug|Any CPU.ActiveCfg = Debug|Any CPU
		{55D7F738-D10E-4B7C-8B65-B5A96615892A}.Debug|Any CPU.Build.0 = Debug|Any CPU
		{55D7F738-D10E-4B7C-8B65-B5A96615892A}.Release|Any CPU.ActiveCfg = Release|Any CPU
		{55D7F738-D10E-4B7C-8B65-B5A96615892A}.Release|Any CPU.Build.0 = Release|Any CPU
		{6A995428-FC58-474F-B768-391EF4C59BCE}.Debug|Any CPU.ActiveCfg = Debug|Any CPU
		{6A995428-FC58-474F-B768-391EF4C59BCE}.Debug|Any CPU.Build.0 = Debug|Any CPU
		{6A995428-FC58-474F-B768-391EF4C59BCE}.Release|Any CPU.ActiveCfg = Release|Any CPU
		{6A995428-FC58-474F-B768-391EF4C59BCE}.Release|Any CPU.Build.0 = Release|Any CPU
		{FC7E0251-FB47-4F0F-84C9-75D1978B1033}.Debug|Any CPU.ActiveCfg = Debug|Any CPU
		{FC7E0251-FB47-4F0F-84C9-75D1978B1033}.Debug|Any CPU.Build.0 = Debug|Any CPU
		{FC7E0251-FB47-4F0F-84C9-75D1978B1033}.Release|Any CPU.ActiveCfg = Release|Any CPU
		{FC7E0251-FB47-4F0F-84C9-75D1978B1033}.Release|Any CPU.Build.0 = Release|Any CPU
		{D4215B3F-8EC6-4E78-B2A8-86EBEE32B41A}.Debug|Any CPU.ActiveCfg = Debug|Any CPU
		{D4215B3F-8EC6-4E78-B2A8-86EBEE32B41A}.Debug|Any CPU.Build.0 = Debug|Any CPU
		{D4215B3F-8EC6-4E78-B2A8-86EBEE32B41A}.Release|Any CPU.ActiveCfg = Release|Any CPU
		{D4215B3F-8EC6-4E78-B2A8-86EBEE32B41A}.Release|Any CPU.Build.0 = Release|Any CPU
		{9F646881-55B1-457A-AF13-D7ECF11A2787}.Debug|Any CPU.ActiveCfg = Debug|Any CPU
		{9F646881-55B1-457A-AF13-D7ECF11A2787}.Debug|Any CPU.Build.0 = Debug|Any CPU
		{9F646881-55B1-457A-AF13-D7ECF11A2787}.Release|Any CPU.ActiveCfg = Release|Any CPU
		{9F646881-55B1-457A-AF13-D7ECF11A2787}.Release|Any CPU.Build.0 = Release|Any CPU
		{2494EFDF-66C5-41B4-BF30-A1584D71EB6E}.Debug|Any CPU.ActiveCfg = Debug|Any CPU
		{2494EFDF-66C5-41B4-BF30-A1584D71EB6E}.Debug|Any CPU.Build.0 = Debug|Any CPU
		{2494EFDF-66C5-41B4-BF30-A1584D71EB6E}.Release|Any CPU.ActiveCfg = Release|Any CPU
		{2494EFDF-66C5-41B4-BF30-A1584D71EB6E}.Release|Any CPU.Build.0 = Release|Any CPU
		{3AD78358-F8E3-46CA-A153-D8465C5FC066}.Debug|Any CPU.ActiveCfg = Debug|Any CPU
		{3AD78358-F8E3-46CA-A153-D8465C5FC066}.Debug|Any CPU.Build.0 = Debug|Any CPU
		{3AD78358-F8E3-46CA-A153-D8465C5FC066}.Release|Any CPU.ActiveCfg = Release|Any CPU
		{3AD78358-F8E3-46CA-A153-D8465C5FC066}.Release|Any CPU.Build.0 = Release|Any CPU
		{30ED9E50-0765-4D3A-80C5-FE21E5D7ACCA}.Debug|Any CPU.ActiveCfg = Debug|Any CPU
		{30ED9E50-0765-4D3A-80C5-FE21E5D7ACCA}.Debug|Any CPU.Build.0 = Debug|Any CPU
		{30ED9E50-0765-4D3A-80C5-FE21E5D7ACCA}.Release|Any CPU.ActiveCfg = Release|Any CPU
		{30ED9E50-0765-4D3A-80C5-FE21E5D7ACCA}.Release|Any CPU.Build.0 = Release|Any CPU
		{60EABADC-DFC4-4C00-A1F3-17933FBE9E77}.Debug|Any CPU.ActiveCfg = Debug|Any CPU
		{60EABADC-DFC4-4C00-A1F3-17933FBE9E77}.Debug|Any CPU.Build.0 = Debug|Any CPU
		{60EABADC-DFC4-4C00-A1F3-17933FBE9E77}.Release|Any CPU.ActiveCfg = Release|Any CPU
		{60EABADC-DFC4-4C00-A1F3-17933FBE9E77}.Release|Any CPU.Build.0 = Release|Any CPU
		{10B4D967-0103-4FF1-9FA0-687801AA6A36}.Debug|Any CPU.ActiveCfg = Debug|Any CPU
		{10B4D967-0103-4FF1-9FA0-687801AA6A36}.Debug|Any CPU.Build.0 = Debug|Any CPU
		{10B4D967-0103-4FF1-9FA0-687801AA6A36}.Release|Any CPU.ActiveCfg = Release|Any CPU
		{10B4D967-0103-4FF1-9FA0-687801AA6A36}.Release|Any CPU.Build.0 = Release|Any CPU
		{5A9BFBEF-6D8A-4E35-A66A-BCF1B6EB0477}.Debug|Any CPU.ActiveCfg = Debug|Any CPU
		{5A9BFBEF-6D8A-4E35-A66A-BCF1B6EB0477}.Debug|Any CPU.Build.0 = Debug|Any CPU
		{5A9BFBEF-6D8A-4E35-A66A-BCF1B6EB0477}.Release|Any CPU.ActiveCfg = Release|Any CPU
		{5A9BFBEF-6D8A-4E35-A66A-BCF1B6EB0477}.Release|Any CPU.Build.0 = Release|Any CPU
		{96BE8840-23D2-41D2-9342-001EE821FAE1}.Debug|Any CPU.ActiveCfg = Debug|Any CPU
		{96BE8840-23D2-41D2-9342-001EE821FAE1}.Debug|Any CPU.Build.0 = Debug|Any CPU
		{96BE8840-23D2-41D2-9342-001EE821FAE1}.Release|Any CPU.ActiveCfg = Release|Any CPU
		{96BE8840-23D2-41D2-9342-001EE821FAE1}.Release|Any CPU.Build.0 = Release|Any CPU
		{988960C1-F5D5-43D8-B166-91FABBD648E9}.Debug|Any CPU.ActiveCfg = Debug|Any CPU
		{988960C1-F5D5-43D8-B166-91FABBD648E9}.Debug|Any CPU.Build.0 = Debug|Any CPU
		{988960C1-F5D5-43D8-B166-91FABBD648E9}.Release|Any CPU.ActiveCfg = Release|Any CPU
		{988960C1-F5D5-43D8-B166-91FABBD648E9}.Release|Any CPU.Build.0 = Release|Any CPU
		{30693EDA-CB5F-43AC-83AB-13CE9CABB8C5}.Debug|Any CPU.ActiveCfg = Debug|Any CPU
		{30693EDA-CB5F-43AC-83AB-13CE9CABB8C5}.Debug|Any CPU.Build.0 = Debug|Any CPU
		{30693EDA-CB5F-43AC-83AB-13CE9CABB8C5}.Release|Any CPU.ActiveCfg = Release|Any CPU
		{30693EDA-CB5F-43AC-83AB-13CE9CABB8C5}.Release|Any CPU.Build.0 = Release|Any CPU
		{899A7B33-8454-4681-9659-D01B4E768108}.Debug|Any CPU.ActiveCfg = Debug|Any CPU
		{899A7B33-8454-4681-9659-D01B4E768108}.Debug|Any CPU.Build.0 = Debug|Any CPU
		{899A7B33-8454-4681-9659-D01B4E768108}.Release|Any CPU.ActiveCfg = Release|Any CPU
		{899A7B33-8454-4681-9659-D01B4E768108}.Release|Any CPU.Build.0 = Release|Any CPU
		{8680257F-CFB4-42DB-8DD2-3F7F33D59C87}.Debug|Any CPU.ActiveCfg = Debug|Any CPU
		{8680257F-CFB4-42DB-8DD2-3F7F33D59C87}.Debug|Any CPU.Build.0 = Debug|Any CPU
		{8680257F-CFB4-42DB-8DD2-3F7F33D59C87}.Release|Any CPU.ActiveCfg = Release|Any CPU
		{8680257F-CFB4-42DB-8DD2-3F7F33D59C87}.Release|Any CPU.Build.0 = Release|Any CPU
		{5CFC4712-F166-44D4-95CD-F20A5491F343}.Debug|Any CPU.ActiveCfg = Debug|Any CPU
		{5CFC4712-F166-44D4-95CD-F20A5491F343}.Debug|Any CPU.Build.0 = Debug|Any CPU
		{5CFC4712-F166-44D4-95CD-F20A5491F343}.Release|Any CPU.ActiveCfg = Release|Any CPU
		{5CFC4712-F166-44D4-95CD-F20A5491F343}.Release|Any CPU.Build.0 = Release|Any CPU
	EndGlobalSection
	GlobalSection(SolutionProperties) = preSolution
		HideSolutionNode = FALSE
	EndGlobalSection
	GlobalSection(NestedProjects) = preSolution
		{30ED5CB5-2D47-4E07-A9A4-DB2DEAAF82FD} = {46AEBCD8-9A8D-4B83-A604-30C9E583D91F}
		{EA6EC0BF-6922-4DE0-9DBB-8A45EF8C420E} = {46AEBCD8-9A8D-4B83-A604-30C9E583D91F}
		{1C31F544-502C-4C53-BDC8-EA486F6B3730} = {F874A513-632A-492B-9B5E-A2EE02DCF081}
		{4D95D509-AADF-4F85-ABFF-07E6643F04BC} = {1C31F544-502C-4C53-BDC8-EA486F6B3730}
		{DDA4AB51-39A9-46AD-9C4B-507031073B26} = {F874A513-632A-492B-9B5E-A2EE02DCF081}
		{ABFF734D-F396-4D10-8240-86FA1CF8195D} = {DDA4AB51-39A9-46AD-9C4B-507031073B26}
		{D8FBC4D9-1B72-4E64-9583-424A4C30FEFB} = {F874A513-632A-492B-9B5E-A2EE02DCF081}
		{B71D7DE2-56A7-4A7C-B3AE-3C1D78092743} = {D8FBC4D9-1B72-4E64-9583-424A4C30FEFB}
		{E4AF3FD2-9029-4EF7-AE98-ABE13E3F17ED} = {D8FBC4D9-1B72-4E64-9583-424A4C30FEFB}
		{CE0E1029-A9CF-4921-BAB2-D79336F93CF1} = {D8FBC4D9-1B72-4E64-9583-424A4C30FEFB}
		{0BBA2987-2D9C-4FE4-AACE-D95EE321F1D6} = {61CB6B77-4B63-4E94-9B93-360F773600EA}
		{825E8727-E673-4C72-B926-20C6BCD701AF} = {23B5B679-4307-4670-B52A-CEE0F341E22F}
		{D672636C-5644-488D-840D-DE72B3B16E68} = {23B5B679-4307-4670-B52A-CEE0F341E22F}
		{552CE2D7-F8B7-4B0D-B2E4-66AA38D9F2E3} = {D672636C-5644-488D-840D-DE72B3B16E68}
		{A09899C0-C2B8-4520-B131-DB367AE30869} = {D672636C-5644-488D-840D-DE72B3B16E68}
		{C01338A0-20F0-48FB-BC0C-83ABCCC90B18} = {774DAACB-9F02-4608-8FF3-ED6D44049FEC}
		{100EDB29-E7E6-4B4A-A073-012CA34080F0} = {774DAACB-9F02-4608-8FF3-ED6D44049FEC}
		{350AE3DE-74EA-4403-847D-3C25B138F931} = {100EDB29-E7E6-4B4A-A073-012CA34080F0}
		{A20F9349-8548-4F55-A28E-6ACC9C0AF5B0} = {100EDB29-E7E6-4B4A-A073-012CA34080F0}
		{ECEB8C53-2354-45E9-8111-CE4E5E384A28} = {D83905CA-8E07-4D09-83DA-8C4E5A812CED}
		{DA45B207-9451-4F9A-849F-A45A0324E0B0} = {ECEB8C53-2354-45E9-8111-CE4E5E384A28}
		{B8F9C3DF-8994-482F-B1DF-45B5F6575E57} = {ECEB8C53-2354-45E9-8111-CE4E5E384A28}
		{C50175A7-204C-4D42-A534-94FB4ADA9667} = {ECEB8C53-2354-45E9-8111-CE4E5E384A28}
		{175C5C39-B0BE-4AD9-BA5B-FDC44B58EEC6} = {ECEB8C53-2354-45E9-8111-CE4E5E384A28}
		{F52D9635-E93E-45FC-AD9F-1324C9CA0ABF} = {8A5B79C2-8906-49D3-B26F-4614540B20CB}
		{A2C53FE4-03DB-407F-80E8-E644CCDC4467} = {8A5B79C2-8906-49D3-B26F-4614540B20CB}
		{91AFF9A7-8C00-4CC2-B968-991271A40748} = {A2C53FE4-03DB-407F-80E8-E644CCDC4467}
		{DD5C0668-0773-4B36-9583-15ED97BE68CB} = {A2C53FE4-03DB-407F-80E8-E644CCDC4467}
		{471D95A4-D2C3-4685-AD9C-4116F0F88D0C} = {A8F29F4E-237E-413E-9940-3C5B2CD30D7F}
		{80E4DCD1-B45A-491B-AB87-4118C2760757} = {A8F29F4E-237E-413E-9940-3C5B2CD30D7F}
		{2BFACDC3-F44D-4199-8498-F5C3C4AC0335} = {949D5E30-23B5-4475-ABF3-FE1BF327CA71}
		{E461C0A8-8900-485C-B520-E929BA33F712} = {949D5E30-23B5-4475-ABF3-FE1BF327CA71}
		{67E8CDA7-D26C-4C5F-8159-AD18E7EE1F95} = {A8F29F4E-237E-413E-9940-3C5B2CD30D7F}
		{55D7F738-D10E-4B7C-8B65-B5A96615892A} = {A8F29F4E-237E-413E-9940-3C5B2CD30D7F}
		{6A995428-FC58-474F-B768-391EF4C59BCE} = {D98B2D0B-47C4-48EC-A2A5-FEB54446E25F}
		{FC7E0251-FB47-4F0F-84C9-75D1978B1033} = {61CB6B77-4B63-4E94-9B93-360F773600EA}
		{3B113331-B289-4D7C-800B-71E28BE0A9B1} = {D98B2D0B-47C4-48EC-A2A5-FEB54446E25F}
		{D4215B3F-8EC6-4E78-B2A8-86EBEE32B41A} = {3B113331-B289-4D7C-800B-71E28BE0A9B1}
		{9F646881-55B1-457A-AF13-D7ECF11A2787} = {61CB6B77-4B63-4E94-9B93-360F773600EA}
		{2494EFDF-66C5-41B4-BF30-A1584D71EB6E} = {A5740980-D7F6-465C-8BCD-F3BF0E0AA865}
		{3AD78358-F8E3-46CA-A153-D8465C5FC066} = {609E9FC7-429F-484F-9503-C5D4BC300D1D}
		{30ED9E50-0765-4D3A-80C5-FE21E5D7ACCA} = {609E9FC7-429F-484F-9503-C5D4BC300D1D}
		{1518D983-5F8A-4BF8-89C7-0B4C2C0D538F} = {A5740980-D7F6-465C-8BCD-F3BF0E0AA865}
		{60EABADC-DFC4-4C00-A1F3-17933FBE9E77} = {1518D983-5F8A-4BF8-89C7-0B4C2C0D538F}
		{10B4D967-0103-4FF1-9FA0-687801AA6A36} = {A5740980-D7F6-465C-8BCD-F3BF0E0AA865}
		{5A9BFBEF-6D8A-4E35-A66A-BCF1B6EB0477} = {61CB6B77-4B63-4E94-9B93-360F773600EA}
		{96BE8840-23D2-41D2-9342-001EE821FAE1} = {2FB253D7-195C-4A86-864E-4DE52244DAE6}
		{988960C1-F5D5-43D8-B166-91FABBD648E9} = {61CB6B77-4B63-4E94-9B93-360F773600EA}
		{30693EDA-CB5F-43AC-83AB-13CE9CABB8C5} = {28CF8C19-8F8E-43D0-9D0B-795AC96769A6}
		{86C17900-AE95-40E5-9C3D-A930D9918F1B} = {28CF8C19-8F8E-43D0-9D0B-795AC96769A6}
		{899A7B33-8454-4681-9659-D01B4E768108} = {86C17900-AE95-40E5-9C3D-A930D9918F1B}
		{8680257F-CFB4-42DB-8DD2-3F7F33D59C87} = {299797C2-C0CD-43E8-BC76-C78E00CDAA74}
		{5CFC4712-F166-44D4-95CD-F20A5491F343} = {299797C2-C0CD-43E8-BC76-C78E00CDAA74}
	EndGlobalSection
	GlobalSection(ExtensibilityGlobals) = postSolution
		SolutionGuid = {E418997B-137B-496D-B446-F04654330FBF}
	EndGlobalSection
EndGlobal
